// !$*UTF8*$!
{
	archiveVersion = 1;
	classes = {
	};
	objectVersion = 56;
	objects = {

/* Begin PBXBuildFile section */
		0825B6492B7271BC00E7AC0E /* AddRelayToolbarItem.swift in Sources */ = {isa = PBXBuildFile; fileRef = 0825B6482B7271BC00E7AC0E /* AddRelayToolbarItem.swift */; };
		0825B64B2B7271CF00E7AC0E /* AddRelayView.swift in Sources */ = {isa = PBXBuildFile; fileRef = 0825B64A2B7271CF00E7AC0E /* AddRelayView.swift */; };
		0825B64D2B7396F500E7AC0E /* OrderDetailView.swift in Sources */ = {isa = PBXBuildFile; fileRef = 0825B64C2B7396F500E7AC0E /* OrderDetailView.swift */; };
		0825B64F2B73970300E7AC0E /* OrderRowView.swift in Sources */ = {isa = PBXBuildFile; fileRef = 0825B64E2B73970300E7AC0E /* OrderRowView.swift */; };
		0832F13C2B95F1C500991AE0 /* TradeDetailView.swift in Sources */ = {isa = PBXBuildFile; fileRef = 0832F13B2B95F1C500991AE0 /* TradeDetailView.swift */; };
		0832F13E2B95F1CF00991AE0 /* TradeRowView.swift in Sources */ = {isa = PBXBuildFile; fileRef = 0832F13D2B95F1CF00991AE0 /* TradeRowView.swift */; };
		08529CC62BAC3E6A00D57E4C /* TradeDetailSummaryView.swift in Sources */ = {isa = PBXBuildFile; fileRef = 08529CC52BAC3E6A00D57E4C /* TradeDetailSummaryView.swift */; };
		08529CC82BAC3E8000D57E4C /* TradeDetailExplainView.swift in Sources */ = {isa = PBXBuildFile; fileRef = 08529CC72BAC3E8000D57E4C /* TradeDetailExplainView.swift */; };
		08529CCA2BAC3E9700D57E4C /* TradeDetailStatusView.swift in Sources */ = {isa = PBXBuildFile; fileRef = 08529CC92BAC3E9700D57E4C /* TradeDetailStatusView.swift */; };
		08529CCC2BAC3EA300D57E4C /* TradeDetailActionView.swift in Sources */ = {isa = PBXBuildFile; fileRef = 08529CCB2BAC3EA300D57E4C /* TradeDetailActionView.swift */; };
		08529CCE2BAC560400D57E4C /* Common.swift in Sources */ = {isa = PBXBuildFile; fileRef = 08529CCD2BAC560400D57E4C /* Common.swift */; };
		085FE4DA2B3EB77D0061DF95 /* SendView.swift in Sources */ = {isa = PBXBuildFile; fileRef = 085FE4D92B3EB77D0061DF95 /* SendView.swift */; };
		085FE4DC2B3EB78B0061DF95 /* ReceiveView.swift in Sources */ = {isa = PBXBuildFile; fileRef = 085FE4DB2B3EB78B0061DF95 /* ReceiveView.swift */; };
		085FE4DE2B3EC6550061DF95 /* FatCrabProtocol.swift in Sources */ = {isa = PBXBuildFile; fileRef = 085FE4DD2B3EC6550061DF95 /* FatCrabProtocol.swift */; };
		085FE4E02B3ECBF10061DF95 /* FatCrabMock.swift in Sources */ = {isa = PBXBuildFile; fileRef = 085FE4DF2B3ECBF10061DF95 /* FatCrabMock.swift */; };
		085FE4E22B3ED9CE0061DF95 /* FatCrabTrading_framework.xcframework in Frameworks */ = {isa = PBXBuildFile; fileRef = 085FE4E12B3ED9CE0061DF95 /* FatCrabTrading_framework.xcframework */; };
		085FE4E32B3ED9CE0061DF95 /* FatCrabTrading_framework.xcframework in Embed Frameworks */ = {isa = PBXBuildFile; fileRef = 085FE4E12B3ED9CE0061DF95 /* FatCrabTrading_framework.xcframework */; settings = {ATTRIBUTES = (CodeSignOnCopy, RemoveHeadersOnCopy, ); }; };
		085FE4E62B3EDBCA0061DF95 /* TitleValueHStack.swift in Sources */ = {isa = PBXBuildFile; fileRef = 085FE4E52B3EDBCA0061DF95 /* TitleValueHStack.swift */; };
		08C1EFB42B3EF8C3000F4527 /* AppSecureStorage.swift in Sources */ = {isa = PBXBuildFile; fileRef = 08C1EFB32B3EF8C3000F4527 /* AppSecureStorage.swift */; };
		08C1EFB72B3EFA68000F4527 /* KeychainWrapper.swift in Sources */ = {isa = PBXBuildFile; fileRef = 08C1EFB62B3EFA68000F4527 /* KeychainWrapper.swift */; };
		08C1EFB92B3EFAB4000F4527 /* KeychainItemAccessibiliy.swift in Sources */ = {isa = PBXBuildFile; fileRef = 08C1EFB82B3EFAB4000F4527 /* KeychainItemAccessibiliy.swift */; };
		08C1EFBC2B42D887000F4527 /* MakeNewOrderToolbarItem.swift in Sources */ = {isa = PBXBuildFile; fileRef = 08C1EFBB2B42D887000F4527 /* MakeNewOrderToolbarItem.swift */; };
		08C1EFBE2B42D9A4000F4527 /* MakeNewOrderView.swift in Sources */ = {isa = PBXBuildFile; fileRef = 08C1EFBD2B42D9A4000F4527 /* MakeNewOrderView.swift */; };
		08C1EFC32B4426D9000F4527 /* FatCrabMakerModel.swift in Sources */ = {isa = PBXBuildFile; fileRef = 08C1EFC22B4426D9000F4527 /* FatCrabMakerModel.swift */; };
		08C1EFC72B4426FD000F4527 /* FatCrabTakerModel.swift in Sources */ = {isa = PBXBuildFile; fileRef = 08C1EFC62B4426FD000F4527 /* FatCrabTakerModel.swift */; };
		08C1EFCF2B442743000F4527 /* FatCrabMakerMock.swift in Sources */ = {isa = PBXBuildFile; fileRef = 08C1EFCE2B442743000F4527 /* FatCrabMakerMock.swift */; };
		08C1EFD12B44274D000F4527 /* FatCrabTakerMock.swift in Sources */ = {isa = PBXBuildFile; fileRef = 08C1EFD02B44274D000F4527 /* FatCrabTakerMock.swift */; };
		08DC5B372B2C446900B71A22 /* OceanSeaApp.swift in Sources */ = {isa = PBXBuildFile; fileRef = 08DC5B362B2C446900B71A22 /* OceanSeaApp.swift */; };
		08DC5B392B2C446900B71A22 /* ContentView.swift in Sources */ = {isa = PBXBuildFile; fileRef = 08DC5B382B2C446900B71A22 /* ContentView.swift */; };
		08DC5B3B2B2C446A00B71A22 /* Assets.xcassets in Resources */ = {isa = PBXBuildFile; fileRef = 08DC5B3A2B2C446A00B71A22 /* Assets.xcassets */; };
		08DC5B3F2B2C446A00B71A22 /* Preview Assets.xcassets in Resources */ = {isa = PBXBuildFile; fileRef = 08DC5B3E2B2C446A00B71A22 /* Preview Assets.xcassets */; };
		08DC5B632B3D76F600B71A22 /* WalletView.swift in Sources */ = {isa = PBXBuildFile; fileRef = 08DC5B622B3D76F600B71A22 /* WalletView.swift */; };
		08DC5B652B3D770000B71A22 /* BookView.swift in Sources */ = {isa = PBXBuildFile; fileRef = 08DC5B642B3D770000B71A22 /* BookView.swift */; };
		08DC5B692B3D771300B71A22 /* TradesView.swift in Sources */ = {isa = PBXBuildFile; fileRef = 08DC5B682B3D771300B71A22 /* TradesView.swift */; };
		08DC5B6B2B3D771A00B71A22 /* RelaysView.swift in Sources */ = {isa = PBXBuildFile; fileRef = 08DC5B6A2B3D771A00B71A22 /* RelaysView.swift */; };
		08DC5B6D2B3D7B0900B71A22 /* HomeView.swift in Sources */ = {isa = PBXBuildFile; fileRef = 08DC5B6C2B3D7B0800B71A22 /* HomeView.swift */; };
		08DC5B6F2B3D7E0E00B71A22 /* FatCrabModel.swift in Sources */ = {isa = PBXBuildFile; fileRef = 08DC5B6E2B3D7E0E00B71A22 /* FatCrabModel.swift */; };
		08DC5B782B3DA55500B71A22 /* ShowSeedsView.swift in Sources */ = {isa = PBXBuildFile; fileRef = 08DC5B772B3DA55500B71A22 /* ShowSeedsView.swift */; };
		08DC5B7A2B3DA56E00B71A22 /* EnterSeedsView.swift in Sources */ = {isa = PBXBuildFile; fileRef = 08DC5B792B3DA56E00B71A22 /* EnterSeedsView.swift */; };
		08DC5B802B3DD29000B71A22 /* FatCrabTrading.swift in Sources */ = {isa = PBXBuildFile; fileRef = 08DC5B7F2B3DD29000B71A22 /* FatCrabTrading.swift */; };
/* End PBXBuildFile section */

/* Begin PBXCopyFilesBuildPhase section */
		08DC5B492B2C453600B71A22 /* Embed Frameworks */ = {
			isa = PBXCopyFilesBuildPhase;
			buildActionMask = 2147483647;
			dstPath = "";
			dstSubfolderSpec = 10;
			files = (
				085FE4E32B3ED9CE0061DF95 /* FatCrabTrading_framework.xcframework in Embed Frameworks */,
			);
			name = "Embed Frameworks";
			runOnlyForDeploymentPostprocessing = 0;
		};
/* End PBXCopyFilesBuildPhase section */

/* Begin PBXFileReference section */
		0825B6482B7271BC00E7AC0E /* AddRelayToolbarItem.swift */ = {isa = PBXFileReference; lastKnownFileType = sourcecode.swift; path = AddRelayToolbarItem.swift; sourceTree = "<group>"; };
		0825B64A2B7271CF00E7AC0E /* AddRelayView.swift */ = {isa = PBXFileReference; lastKnownFileType = sourcecode.swift; path = AddRelayView.swift; sourceTree = "<group>"; };
		0825B64C2B7396F500E7AC0E /* OrderDetailView.swift */ = {isa = PBXFileReference; lastKnownFileType = sourcecode.swift; path = OrderDetailView.swift; sourceTree = "<group>"; };
		0825B64E2B73970300E7AC0E /* OrderRowView.swift */ = {isa = PBXFileReference; lastKnownFileType = sourcecode.swift; path = OrderRowView.swift; sourceTree = "<group>"; };
		0832F13B2B95F1C500991AE0 /* TradeDetailView.swift */ = {isa = PBXFileReference; lastKnownFileType = sourcecode.swift; path = TradeDetailView.swift; sourceTree = "<group>"; };
		0832F13D2B95F1CF00991AE0 /* TradeRowView.swift */ = {isa = PBXFileReference; lastKnownFileType = sourcecode.swift; path = TradeRowView.swift; sourceTree = "<group>"; };
		08529CC52BAC3E6A00D57E4C /* TradeDetailSummaryView.swift */ = {isa = PBXFileReference; lastKnownFileType = sourcecode.swift; path = TradeDetailSummaryView.swift; sourceTree = "<group>"; };
		08529CC72BAC3E8000D57E4C /* TradeDetailExplainView.swift */ = {isa = PBXFileReference; lastKnownFileType = sourcecode.swift; path = TradeDetailExplainView.swift; sourceTree = "<group>"; };
		08529CC92BAC3E9700D57E4C /* TradeDetailStatusView.swift */ = {isa = PBXFileReference; lastKnownFileType = sourcecode.swift; path = TradeDetailStatusView.swift; sourceTree = "<group>"; };
		08529CCB2BAC3EA300D57E4C /* TradeDetailActionView.swift */ = {isa = PBXFileReference; lastKnownFileType = sourcecode.swift; path = TradeDetailActionView.swift; sourceTree = "<group>"; };
		08529CCD2BAC560400D57E4C /* Common.swift */ = {isa = PBXFileReference; lastKnownFileType = sourcecode.swift; path = Common.swift; sourceTree = "<group>"; };
		085FE4D92B3EB77D0061DF95 /* SendView.swift */ = {isa = PBXFileReference; lastKnownFileType = sourcecode.swift; path = SendView.swift; sourceTree = "<group>"; };
		085FE4DB2B3EB78B0061DF95 /* ReceiveView.swift */ = {isa = PBXFileReference; lastKnownFileType = sourcecode.swift; path = ReceiveView.swift; sourceTree = "<group>"; };
		085FE4DD2B3EC6550061DF95 /* FatCrabProtocol.swift */ = {isa = PBXFileReference; lastKnownFileType = sourcecode.swift; path = FatCrabProtocol.swift; sourceTree = "<group>"; };
		085FE4DF2B3ECBF10061DF95 /* FatCrabMock.swift */ = {isa = PBXFileReference; lastKnownFileType = sourcecode.swift; path = FatCrabMock.swift; sourceTree = "<group>"; };
		085FE4E12B3ED9CE0061DF95 /* FatCrabTrading_framework.xcframework */ = {isa = PBXFileReference; lastKnownFileType = wrapper.xcframework; name = FatCrabTrading_framework.xcframework; path = OceanSea/FatCrab/FatCrabTrading_framework.xcframework; sourceTree = "<group>"; };
		085FE4E52B3EDBCA0061DF95 /* TitleValueHStack.swift */ = {isa = PBXFileReference; lastKnownFileType = sourcecode.swift; path = TitleValueHStack.swift; sourceTree = "<group>"; };
		08C1EFB32B3EF8C3000F4527 /* AppSecureStorage.swift */ = {isa = PBXFileReference; lastKnownFileType = sourcecode.swift; path = AppSecureStorage.swift; sourceTree = "<group>"; };
		08C1EFB62B3EFA68000F4527 /* KeychainWrapper.swift */ = {isa = PBXFileReference; lastKnownFileType = sourcecode.swift; path = KeychainWrapper.swift; sourceTree = "<group>"; };
		08C1EFB82B3EFAB4000F4527 /* KeychainItemAccessibiliy.swift */ = {isa = PBXFileReference; lastKnownFileType = sourcecode.swift; path = KeychainItemAccessibiliy.swift; sourceTree = "<group>"; };
		08C1EFBB2B42D887000F4527 /* MakeNewOrderToolbarItem.swift */ = {isa = PBXFileReference; lastKnownFileType = sourcecode.swift; path = MakeNewOrderToolbarItem.swift; sourceTree = "<group>"; };
		08C1EFBD2B42D9A4000F4527 /* MakeNewOrderView.swift */ = {isa = PBXFileReference; lastKnownFileType = sourcecode.swift; path = MakeNewOrderView.swift; sourceTree = "<group>"; };
		08C1EFC22B4426D9000F4527 /* FatCrabMakerModel.swift */ = {isa = PBXFileReference; lastKnownFileType = sourcecode.swift; path = FatCrabMakerModel.swift; sourceTree = "<group>"; };
		08C1EFC62B4426FD000F4527 /* FatCrabTakerModel.swift */ = {isa = PBXFileReference; lastKnownFileType = sourcecode.swift; path = FatCrabTakerModel.swift; sourceTree = "<group>"; };
		08C1EFCE2B442743000F4527 /* FatCrabMakerMock.swift */ = {isa = PBXFileReference; lastKnownFileType = sourcecode.swift; path = FatCrabMakerMock.swift; sourceTree = "<group>"; };
		08C1EFD02B44274D000F4527 /* FatCrabTakerMock.swift */ = {isa = PBXFileReference; lastKnownFileType = sourcecode.swift; path = FatCrabTakerMock.swift; sourceTree = "<group>"; };
		08DC5B332B2C446900B71A22 /* OceanSea.app */ = {isa = PBXFileReference; explicitFileType = wrapper.application; includeInIndex = 0; path = OceanSea.app; sourceTree = BUILT_PRODUCTS_DIR; };
		08DC5B362B2C446900B71A22 /* OceanSeaApp.swift */ = {isa = PBXFileReference; lastKnownFileType = sourcecode.swift; path = OceanSeaApp.swift; sourceTree = "<group>"; };
		08DC5B382B2C446900B71A22 /* ContentView.swift */ = {isa = PBXFileReference; lastKnownFileType = sourcecode.swift; path = ContentView.swift; sourceTree = "<group>"; };
		08DC5B3A2B2C446A00B71A22 /* Assets.xcassets */ = {isa = PBXFileReference; lastKnownFileType = folder.assetcatalog; path = Assets.xcassets; sourceTree = "<group>"; };
		08DC5B3C2B2C446A00B71A22 /* OceanSea.entitlements */ = {isa = PBXFileReference; lastKnownFileType = text.plist.entitlements; path = OceanSea.entitlements; sourceTree = "<group>"; };
		08DC5B3E2B2C446A00B71A22 /* Preview Assets.xcassets */ = {isa = PBXFileReference; lastKnownFileType = folder.assetcatalog; path = "Preview Assets.xcassets"; sourceTree = "<group>"; };
		08DC5B622B3D76F600B71A22 /* WalletView.swift */ = {isa = PBXFileReference; lastKnownFileType = sourcecode.swift; path = WalletView.swift; sourceTree = "<group>"; };
		08DC5B642B3D770000B71A22 /* BookView.swift */ = {isa = PBXFileReference; lastKnownFileType = sourcecode.swift; path = BookView.swift; sourceTree = "<group>"; };
		08DC5B682B3D771300B71A22 /* TradesView.swift */ = {isa = PBXFileReference; lastKnownFileType = sourcecode.swift; path = TradesView.swift; sourceTree = "<group>"; };
		08DC5B6A2B3D771A00B71A22 /* RelaysView.swift */ = {isa = PBXFileReference; lastKnownFileType = sourcecode.swift; path = RelaysView.swift; sourceTree = "<group>"; };
		08DC5B6C2B3D7B0800B71A22 /* HomeView.swift */ = {isa = PBXFileReference; lastKnownFileType = sourcecode.swift; path = HomeView.swift; sourceTree = "<group>"; };
		08DC5B6E2B3D7E0E00B71A22 /* FatCrabModel.swift */ = {isa = PBXFileReference; lastKnownFileType = sourcecode.swift; path = FatCrabModel.swift; sourceTree = "<group>"; };
		08DC5B772B3DA55500B71A22 /* ShowSeedsView.swift */ = {isa = PBXFileReference; lastKnownFileType = sourcecode.swift; path = ShowSeedsView.swift; sourceTree = "<group>"; };
		08DC5B792B3DA56E00B71A22 /* EnterSeedsView.swift */ = {isa = PBXFileReference; lastKnownFileType = sourcecode.swift; path = EnterSeedsView.swift; sourceTree = "<group>"; };
		08DC5B7F2B3DD29000B71A22 /* FatCrabTrading.swift */ = {isa = PBXFileReference; fileEncoding = 4; lastKnownFileType = sourcecode.swift; name = FatCrabTrading.swift; path = "../../../fatcrab-trading-ffi/bindings/FatCrabTrading.swift"; sourceTree = "<group>"; };
/* End PBXFileReference section */

/* Begin PBXFrameworksBuildPhase section */
		08DC5B302B2C446900B71A22 /* Frameworks */ = {
			isa = PBXFrameworksBuildPhase;
			buildActionMask = 2147483647;
			files = (
				085FE4E22B3ED9CE0061DF95 /* FatCrabTrading_framework.xcframework in Frameworks */,
			);
			runOnlyForDeploymentPostprocessing = 0;
		};
/* End PBXFrameworksBuildPhase section */

/* Begin PBXGroup section */
		08529CC42BAC3E5700D57E4C /* ViewElements */ = {
			isa = PBXGroup;
			children = (
				08529CC52BAC3E6A00D57E4C /* TradeDetailSummaryView.swift */,
				08529CC72BAC3E8000D57E4C /* TradeDetailExplainView.swift */,
				08529CC92BAC3E9700D57E4C /* TradeDetailStatusView.swift */,
				08529CCB2BAC3EA300D57E4C /* TradeDetailActionView.swift */,
			);
			path = ViewElements;
			sourceTree = "<group>";
		};
		085FE4E42B3EDBA90061DF95 /* ViewElements */ = {
			isa = PBXGroup;
			children = (
				085FE4E52B3EDBCA0061DF95 /* TitleValueHStack.swift */,
			);
			path = ViewElements;
			sourceTree = "<group>";
		};
		08C1EFB52B3EFA4D000F4527 /* AppSecureStorage */ = {
			isa = PBXGroup;
			children = (
				08C1EFB32B3EF8C3000F4527 /* AppSecureStorage.swift */,
				08C1EFB62B3EFA68000F4527 /* KeychainWrapper.swift */,
				08C1EFB82B3EFAB4000F4527 /* KeychainItemAccessibiliy.swift */,
			);
			path = AppSecureStorage;
			sourceTree = "<group>";
		};
		08C1EFBA2B42D863000F4527 /* MakeNewOrder */ = {
			isa = PBXGroup;
			children = (
				08C1EFBB2B42D887000F4527 /* MakeNewOrderToolbarItem.swift */,
				08C1EFBD2B42D9A4000F4527 /* MakeNewOrderView.swift */,
			);
			path = MakeNewOrder;
			sourceTree = "<group>";
		};
		08C1EFCA2B442711000F4527 /* Model */ = {
			isa = PBXGroup;
			children = (
				08DC5B6E2B3D7E0E00B71A22 /* FatCrabModel.swift */,
				08C1EFC22B4426D9000F4527 /* FatCrabMakerModel.swift */,
				08C1EFC62B4426FD000F4527 /* FatCrabTakerModel.swift */,
			);
			path = Model;
			sourceTree = "<group>";
		};
		08C1EFCB2B442716000F4527 /* Mock */ = {
			isa = PBXGroup;
			children = (
				085FE4DF2B3ECBF10061DF95 /* FatCrabMock.swift */,
				08C1EFCE2B442743000F4527 /* FatCrabMakerMock.swift */,
				08C1EFD02B44274D000F4527 /* FatCrabTakerMock.swift */,
			);
			path = Mock;
			sourceTree = "<group>";
		};
		08C1EFD42B67A8EF000F4527 /* Common */ = {
			isa = PBXGroup;
			children = (
				08529CCD2BAC560400D57E4C /* Common.swift */,
			);
			path = Common;
			sourceTree = "<group>";
		};
		08DC5B2A2B2C446900B71A22 = {
			isa = PBXGroup;
			children = (
				08DC5B352B2C446900B71A22 /* OceanSea */,
				08DC5B342B2C446900B71A22 /* Products */,
				08DC5B452B2C453500B71A22 /* Frameworks */,
			);
			sourceTree = "<group>";
		};
		08DC5B342B2C446900B71A22 /* Products */ = {
			isa = PBXGroup;
			children = (
				08DC5B332B2C446900B71A22 /* OceanSea.app */,
			);
			name = Products;
			sourceTree = "<group>";
		};
		08DC5B352B2C446900B71A22 /* OceanSea */ = {
			isa = PBXGroup;
			children = (
				08C1EFD42B67A8EF000F4527 /* Common */,
				08C1EFB52B3EFA4D000F4527 /* AppSecureStorage */,
				08DC5B7E2B3DA6C300B71A22 /* FatCrab */,
				08DC5B362B2C446900B71A22 /* OceanSeaApp.swift */,
				08DC5B382B2C446900B71A22 /* ContentView.swift */,
				08DC5B6C2B3D7B0800B71A22 /* HomeView.swift */,
				08C1EFBA2B42D863000F4527 /* MakeNewOrder */,
				08DC5B702B3DA41300B71A22 /* Wallet */,
				08DC5B7B2B3DA66000B71A22 /* Book */,
				08DC5B7C2B3DA67700B71A22 /* Trades */,
				08DC5B7D2B3DA68700B71A22 /* Relays */,
				08DC5B3A2B2C446A00B71A22 /* Assets.xcassets */,
				08DC5B3C2B2C446A00B71A22 /* OceanSea.entitlements */,
				08DC5B3D2B2C446A00B71A22 /* Preview Content */,
			);
			path = OceanSea;
			sourceTree = "<group>";
		};
		08DC5B3D2B2C446A00B71A22 /* Preview Content */ = {
			isa = PBXGroup;
			children = (
				08DC5B3E2B2C446A00B71A22 /* Preview Assets.xcassets */,
			);
			path = "Preview Content";
			sourceTree = "<group>";
		};
		08DC5B452B2C453500B71A22 /* Frameworks */ = {
			isa = PBXGroup;
			children = (
				085FE4E12B3ED9CE0061DF95 /* FatCrabTrading_framework.xcframework */,
			);
			name = Frameworks;
			sourceTree = "<group>";
		};
		08DC5B702B3DA41300B71A22 /* Wallet */ = {
			isa = PBXGroup;
			children = (
				085FE4E42B3EDBA90061DF95 /* ViewElements */,
				08DC5B622B3D76F600B71A22 /* WalletView.swift */,
				085FE4D92B3EB77D0061DF95 /* SendView.swift */,
				085FE4DB2B3EB78B0061DF95 /* ReceiveView.swift */,
				08DC5B772B3DA55500B71A22 /* ShowSeedsView.swift */,
				08DC5B792B3DA56E00B71A22 /* EnterSeedsView.swift */,
			);
			path = Wallet;
			sourceTree = "<group>";
		};
		08DC5B7B2B3DA66000B71A22 /* Book */ = {
			isa = PBXGroup;
			children = (
				08DC5B642B3D770000B71A22 /* BookView.swift */,
				0825B64C2B7396F500E7AC0E /* OrderDetailView.swift */,
				0825B64E2B73970300E7AC0E /* OrderRowView.swift */,
			);
			path = Book;
			sourceTree = "<group>";
		};
		08DC5B7C2B3DA67700B71A22 /* Trades */ = {
			isa = PBXGroup;
			children = (
				08529CC42BAC3E5700D57E4C /* ViewElements */,
				08DC5B682B3D771300B71A22 /* TradesView.swift */,
				0832F13B2B95F1C500991AE0 /* TradeDetailView.swift */,
				0832F13D2B95F1CF00991AE0 /* TradeRowView.swift */,
			);
			path = Trades;
			sourceTree = "<group>";
		};
		08DC5B7D2B3DA68700B71A22 /* Relays */ = {
			isa = PBXGroup;
			children = (
				08DC5B6A2B3D771A00B71A22 /* RelaysView.swift */,
				0825B6482B7271BC00E7AC0E /* AddRelayToolbarItem.swift */,
				0825B64A2B7271CF00E7AC0E /* AddRelayView.swift */,
			);
			path = Relays;
			sourceTree = "<group>";
		};
		08DC5B7E2B3DA6C300B71A22 /* FatCrab */ = {
			isa = PBXGroup;
			children = (
				08DC5B7F2B3DD29000B71A22 /* FatCrabTrading.swift */,
				085FE4DD2B3EC6550061DF95 /* FatCrabProtocol.swift */,
				08C1EFCB2B442716000F4527 /* Mock */,
				08C1EFCA2B442711000F4527 /* Model */,
			);
			path = FatCrab;
			sourceTree = "<group>";
		};
/* End PBXGroup section */

/* Begin PBXNativeTarget section */
		08DC5B322B2C446900B71A22 /* OceanSea */ = {
			isa = PBXNativeTarget;
			buildConfigurationList = 08DC5B422B2C446A00B71A22 /* Build configuration list for PBXNativeTarget "OceanSea" */;
			buildPhases = (
				08DC5B2F2B2C446900B71A22 /* Sources */,
				08DC5B302B2C446900B71A22 /* Frameworks */,
				08DC5B312B2C446900B71A22 /* Resources */,
				08DC5B492B2C453600B71A22 /* Embed Frameworks */,
			);
			buildRules = (
			);
			dependencies = (
			);
			name = OceanSea;
			productName = OceanSea;
			productReference = 08DC5B332B2C446900B71A22 /* OceanSea.app */;
			productType = "com.apple.product-type.application";
		};
/* End PBXNativeTarget section */

/* Begin PBXProject section */
		08DC5B2B2B2C446900B71A22 /* Project object */ = {
			isa = PBXProject;
			attributes = {
				BuildIndependentTargetsInParallel = 1;
				LastSwiftUpdateCheck = 1510;
				LastUpgradeCheck = 1510;
				TargetAttributes = {
					08DC5B322B2C446900B71A22 = {
						CreatedOnToolsVersion = 15.1;
					};
				};
			};
			buildConfigurationList = 08DC5B2E2B2C446900B71A22 /* Build configuration list for PBXProject "OceanSea" */;
			compatibilityVersion = "Xcode 14.0";
			developmentRegion = en;
			hasScannedForEncodings = 0;
			knownRegions = (
				en,
				Base,
			);
			mainGroup = 08DC5B2A2B2C446900B71A22;
			productRefGroup = 08DC5B342B2C446900B71A22 /* Products */;
			projectDirPath = "";
			projectRoot = "";
			targets = (
				08DC5B322B2C446900B71A22 /* OceanSea */,
			);
		};
/* End PBXProject section */

/* Begin PBXResourcesBuildPhase section */
		08DC5B312B2C446900B71A22 /* Resources */ = {
			isa = PBXResourcesBuildPhase;
			buildActionMask = 2147483647;
			files = (
				08DC5B3F2B2C446A00B71A22 /* Preview Assets.xcassets in Resources */,
				08DC5B3B2B2C446A00B71A22 /* Assets.xcassets in Resources */,
			);
			runOnlyForDeploymentPostprocessing = 0;
		};
/* End PBXResourcesBuildPhase section */

/* Begin PBXSourcesBuildPhase section */
		08DC5B2F2B2C446900B71A22 /* Sources */ = {
			isa = PBXSourcesBuildPhase;
			buildActionMask = 2147483647;
			files = (
				08C1EFC72B4426FD000F4527 /* FatCrabTakerModel.swift in Sources */,
				085FE4DC2B3EB78B0061DF95 /* ReceiveView.swift in Sources */,
				0825B6492B7271BC00E7AC0E /* AddRelayToolbarItem.swift in Sources */,
				08529CC62BAC3E6A00D57E4C /* TradeDetailSummaryView.swift in Sources */,
				08529CCE2BAC560400D57E4C /* Common.swift in Sources */,
				08C1EFC32B4426D9000F4527 /* FatCrabMakerModel.swift in Sources */,
				08C1EFCF2B442743000F4527 /* FatCrabMakerMock.swift in Sources */,
				08529CCA2BAC3E9700D57E4C /* TradeDetailStatusView.swift in Sources */,
				08DC5B6F2B3D7E0E00B71A22 /* FatCrabModel.swift in Sources */,
				08529CCC2BAC3EA300D57E4C /* TradeDetailActionView.swift in Sources */,
				0825B64F2B73970300E7AC0E /* OrderRowView.swift in Sources */,
				08C1EFBC2B42D887000F4527 /* MakeNewOrderToolbarItem.swift in Sources */,
				085FE4E02B3ECBF10061DF95 /* FatCrabMock.swift in Sources */,
				08C1EFBE2B42D9A4000F4527 /* MakeNewOrderView.swift in Sources */,
				08DC5B6B2B3D771A00B71A22 /* RelaysView.swift in Sources */,
				085FE4DA2B3EB77D0061DF95 /* SendView.swift in Sources */,
				08C1EFD12B44274D000F4527 /* FatCrabTakerMock.swift in Sources */,
				08DC5B6D2B3D7B0900B71A22 /* HomeView.swift in Sources */,
				0832F13E2B95F1CF00991AE0 /* TradeRowView.swift in Sources */,
				08C1EFB92B3EFAB4000F4527 /* KeychainItemAccessibiliy.swift in Sources */,
				08DC5B802B3DD29000B71A22 /* FatCrabTrading.swift in Sources */,
				08DC5B392B2C446900B71A22 /* ContentView.swift in Sources */,
				085FE4DE2B3EC6550061DF95 /* FatCrabProtocol.swift in Sources */,
				08C1EFB72B3EFA68000F4527 /* KeychainWrapper.swift in Sources */,
				08DC5B372B2C446900B71A22 /* OceanSeaApp.swift in Sources */,
				08DC5B632B3D76F600B71A22 /* WalletView.swift in Sources */,
				08529CC82BAC3E8000D57E4C /* TradeDetailExplainView.swift in Sources */,
				08DC5B7A2B3DA56E00B71A22 /* EnterSeedsView.swift in Sources */,
				08DC5B652B3D770000B71A22 /* BookView.swift in Sources */,
				0825B64B2B7271CF00E7AC0E /* AddRelayView.swift in Sources */,
				0832F13C2B95F1C500991AE0 /* TradeDetailView.swift in Sources */,
				08DC5B692B3D771300B71A22 /* TradesView.swift in Sources */,
				08C1EFB42B3EF8C3000F4527 /* AppSecureStorage.swift in Sources */,
				085FE4E62B3EDBCA0061DF95 /* TitleValueHStack.swift in Sources */,
				0825B64D2B7396F500E7AC0E /* OrderDetailView.swift in Sources */,
				08DC5B782B3DA55500B71A22 /* ShowSeedsView.swift in Sources */,
			);
			runOnlyForDeploymentPostprocessing = 0;
		};
/* End PBXSourcesBuildPhase section */

/* Begin XCBuildConfiguration section */
		08DC5B402B2C446A00B71A22 /* Debug */ = {
			isa = XCBuildConfiguration;
			buildSettings = {
				ALWAYS_SEARCH_USER_PATHS = NO;
				ASSETCATALOG_COMPILER_GENERATE_SWIFT_ASSET_SYMBOL_EXTENSIONS = YES;
				CLANG_ANALYZER_NONNULL = YES;
				CLANG_ANALYZER_NUMBER_OBJECT_CONVERSION = YES_AGGRESSIVE;
				CLANG_CXX_LANGUAGE_STANDARD = "gnu++20";
				CLANG_ENABLE_MODULES = YES;
				CLANG_ENABLE_OBJC_ARC = YES;
				CLANG_ENABLE_OBJC_WEAK = YES;
				CLANG_WARN_BLOCK_CAPTURE_AUTORELEASING = YES;
				CLANG_WARN_BOOL_CONVERSION = YES;
				CLANG_WARN_COMMA = YES;
				CLANG_WARN_CONSTANT_CONVERSION = YES;
				CLANG_WARN_DEPRECATED_OBJC_IMPLEMENTATIONS = YES;
				CLANG_WARN_DIRECT_OBJC_ISA_USAGE = YES_ERROR;
				CLANG_WARN_DOCUMENTATION_COMMENTS = YES;
				CLANG_WARN_EMPTY_BODY = YES;
				CLANG_WARN_ENUM_CONVERSION = YES;
				CLANG_WARN_INFINITE_RECURSION = YES;
				CLANG_WARN_INT_CONVERSION = YES;
				CLANG_WARN_NON_LITERAL_NULL_CONVERSION = YES;
				CLANG_WARN_OBJC_IMPLICIT_RETAIN_SELF = YES;
				CLANG_WARN_OBJC_LITERAL_CONVERSION = YES;
				CLANG_WARN_OBJC_ROOT_CLASS = YES_ERROR;
				CLANG_WARN_QUOTED_INCLUDE_IN_FRAMEWORK_HEADER = YES;
				CLANG_WARN_RANGE_LOOP_ANALYSIS = YES;
				CLANG_WARN_STRICT_PROTOTYPES = YES;
				CLANG_WARN_SUSPICIOUS_MOVE = YES;
				CLANG_WARN_UNGUARDED_AVAILABILITY = YES_AGGRESSIVE;
				CLANG_WARN_UNREACHABLE_CODE = YES;
				CLANG_WARN__DUPLICATE_METHOD_MATCH = YES;
				COPY_PHASE_STRIP = NO;
				DEBUG_INFORMATION_FORMAT = dwarf;
				ENABLE_STRICT_OBJC_MSGSEND = YES;
				ENABLE_TESTABILITY = YES;
				ENABLE_USER_SCRIPT_SANDBOXING = YES;
				GCC_C_LANGUAGE_STANDARD = gnu17;
				GCC_DYNAMIC_NO_PIC = NO;
				GCC_NO_COMMON_BLOCKS = YES;
				GCC_OPTIMIZATION_LEVEL = 0;
				GCC_PREPROCESSOR_DEFINITIONS = (
					"DEBUG=1",
					"$(inherited)",
				);
				GCC_WARN_64_TO_32_BIT_CONVERSION = YES;
				GCC_WARN_ABOUT_RETURN_TYPE = YES_ERROR;
				GCC_WARN_UNDECLARED_SELECTOR = YES;
				GCC_WARN_UNINITIALIZED_AUTOS = YES_AGGRESSIVE;
				GCC_WARN_UNUSED_FUNCTION = YES;
				GCC_WARN_UNUSED_VARIABLE = YES;
				LOCALIZATION_PREFERS_STRING_CATALOGS = YES;
				MTL_ENABLE_DEBUG_INFO = INCLUDE_SOURCE;
				MTL_FAST_MATH = YES;
				ONLY_ACTIVE_ARCH = YES;
				SWIFT_ACTIVE_COMPILATION_CONDITIONS = "DEBUG $(inherited)";
				SWIFT_OPTIMIZATION_LEVEL = "-Onone";
			};
			name = Debug;
		};
		08DC5B412B2C446A00B71A22 /* Release */ = {
			isa = XCBuildConfiguration;
			buildSettings = {
				ALWAYS_SEARCH_USER_PATHS = NO;
				ASSETCATALOG_COMPILER_GENERATE_SWIFT_ASSET_SYMBOL_EXTENSIONS = YES;
				CLANG_ANALYZER_NONNULL = YES;
				CLANG_ANALYZER_NUMBER_OBJECT_CONVERSION = YES_AGGRESSIVE;
				CLANG_CXX_LANGUAGE_STANDARD = "gnu++20";
				CLANG_ENABLE_MODULES = YES;
				CLANG_ENABLE_OBJC_ARC = YES;
				CLANG_ENABLE_OBJC_WEAK = YES;
				CLANG_WARN_BLOCK_CAPTURE_AUTORELEASING = YES;
				CLANG_WARN_BOOL_CONVERSION = YES;
				CLANG_WARN_COMMA = YES;
				CLANG_WARN_CONSTANT_CONVERSION = YES;
				CLANG_WARN_DEPRECATED_OBJC_IMPLEMENTATIONS = YES;
				CLANG_WARN_DIRECT_OBJC_ISA_USAGE = YES_ERROR;
				CLANG_WARN_DOCUMENTATION_COMMENTS = YES;
				CLANG_WARN_EMPTY_BODY = YES;
				CLANG_WARN_ENUM_CONVERSION = YES;
				CLANG_WARN_INFINITE_RECURSION = YES;
				CLANG_WARN_INT_CONVERSION = YES;
				CLANG_WARN_NON_LITERAL_NULL_CONVERSION = YES;
				CLANG_WARN_OBJC_IMPLICIT_RETAIN_SELF = YES;
				CLANG_WARN_OBJC_LITERAL_CONVERSION = YES;
				CLANG_WARN_OBJC_ROOT_CLASS = YES_ERROR;
				CLANG_WARN_QUOTED_INCLUDE_IN_FRAMEWORK_HEADER = YES;
				CLANG_WARN_RANGE_LOOP_ANALYSIS = YES;
				CLANG_WARN_STRICT_PROTOTYPES = YES;
				CLANG_WARN_SUSPICIOUS_MOVE = YES;
				CLANG_WARN_UNGUARDED_AVAILABILITY = YES_AGGRESSIVE;
				CLANG_WARN_UNREACHABLE_CODE = YES;
				CLANG_WARN__DUPLICATE_METHOD_MATCH = YES;
				COPY_PHASE_STRIP = NO;
				DEBUG_INFORMATION_FORMAT = "dwarf-with-dsym";
				ENABLE_NS_ASSERTIONS = NO;
				ENABLE_STRICT_OBJC_MSGSEND = YES;
				ENABLE_USER_SCRIPT_SANDBOXING = YES;
				GCC_C_LANGUAGE_STANDARD = gnu17;
				GCC_NO_COMMON_BLOCKS = YES;
				GCC_WARN_64_TO_32_BIT_CONVERSION = YES;
				GCC_WARN_ABOUT_RETURN_TYPE = YES_ERROR;
				GCC_WARN_UNDECLARED_SELECTOR = YES;
				GCC_WARN_UNINITIALIZED_AUTOS = YES_AGGRESSIVE;
				GCC_WARN_UNUSED_FUNCTION = YES;
				GCC_WARN_UNUSED_VARIABLE = YES;
				LOCALIZATION_PREFERS_STRING_CATALOGS = YES;
				MTL_ENABLE_DEBUG_INFO = NO;
				MTL_FAST_MATH = YES;
				SWIFT_COMPILATION_MODE = wholemodule;
			};
			name = Release;
		};
		08DC5B432B2C446A00B71A22 /* Debug */ = {
			isa = XCBuildConfiguration;
			buildSettings = {
				ASSETCATALOG_COMPILER_APPICON_NAME = AppIcon;
				ASSETCATALOG_COMPILER_GLOBAL_ACCENT_COLOR_NAME = AccentColor;
				CODE_SIGN_ENTITLEMENTS = OceanSea/OceanSea.entitlements;
				CODE_SIGN_STYLE = Automatic;
				CURRENT_PROJECT_VERSION = 1;
				DEVELOPMENT_ASSET_PATHS = "\"OceanSea/Preview Content\"";
				DEVELOPMENT_TEAM = X4Z65F7932;
				ENABLE_HARDENED_RUNTIME = YES;
				ENABLE_PREVIEWS = YES;
				GENERATE_INFOPLIST_FILE = YES;
				"INFOPLIST_KEY_UIApplicationSceneManifest_Generation[sdk=iphoneos*]" = YES;
				"INFOPLIST_KEY_UIApplicationSceneManifest_Generation[sdk=iphonesimulator*]" = YES;
				"INFOPLIST_KEY_UIApplicationSupportsIndirectInputEvents[sdk=iphoneos*]" = YES;
				"INFOPLIST_KEY_UIApplicationSupportsIndirectInputEvents[sdk=iphonesimulator*]" = YES;
				"INFOPLIST_KEY_UILaunchScreen_Generation[sdk=iphoneos*]" = YES;
				"INFOPLIST_KEY_UILaunchScreen_Generation[sdk=iphonesimulator*]" = YES;
				"INFOPLIST_KEY_UIStatusBarStyle[sdk=iphoneos*]" = UIStatusBarStyleDefault;
				"INFOPLIST_KEY_UIStatusBarStyle[sdk=iphonesimulator*]" = UIStatusBarStyleDefault;
				INFOPLIST_KEY_UISupportedInterfaceOrientations_iPad = "UIInterfaceOrientationPortrait UIInterfaceOrientationPortraitUpsideDown UIInterfaceOrientationLandscapeLeft UIInterfaceOrientationLandscapeRight";
				INFOPLIST_KEY_UISupportedInterfaceOrientations_iPhone = "UIInterfaceOrientationPortrait UIInterfaceOrientationLandscapeLeft UIInterfaceOrientationLandscapeRight";
				IPHONEOS_DEPLOYMENT_TARGET = 17.2;
				LD_RUNPATH_SEARCH_PATHS = "@executable_path/Frameworks";
				"LD_RUNPATH_SEARCH_PATHS[sdk=macosx*]" = "@executable_path/../Frameworks";
				MACOSX_DEPLOYMENT_TARGET = 14.2;
				MARKETING_VERSION = 1.0;
				PRODUCT_BUNDLE_IDENTIFIER = nobu.maeda.OceanSea;
				PRODUCT_NAME = "$(TARGET_NAME)";
				SDKROOT = auto;
				SUPPORTED_PLATFORMS = "iphoneos iphonesimulator macosx";
				SWIFT_EMIT_LOC_STRINGS = YES;
				SWIFT_VERSION = 5.0;
				TARGETED_DEVICE_FAMILY = "1,2";
			};
			name = Debug;
		};
		08DC5B442B2C446A00B71A22 /* Release */ = {
			isa = XCBuildConfiguration;
			buildSettings = {
				ASSETCATALOG_COMPILER_APPICON_NAME = AppIcon;
				ASSETCATALOG_COMPILER_GLOBAL_ACCENT_COLOR_NAME = AccentColor;
				CODE_SIGN_ENTITLEMENTS = OceanSea/OceanSea.entitlements;
				CODE_SIGN_STYLE = Automatic;
				CURRENT_PROJECT_VERSION = 1;
				DEVELOPMENT_ASSET_PATHS = "\"OceanSea/Preview Content\"";
				DEVELOPMENT_TEAM = X4Z65F7932;
				ENABLE_HARDENED_RUNTIME = YES;
				ENABLE_PREVIEWS = YES;
				GENERATE_INFOPLIST_FILE = YES;
				"INFOPLIST_KEY_UIApplicationSceneManifest_Generation[sdk=iphoneos*]" = YES;
				"INFOPLIST_KEY_UIApplicationSceneManifest_Generation[sdk=iphonesimulator*]" = YES;
				"INFOPLIST_KEY_UIApplicationSupportsIndirectInputEvents[sdk=iphoneos*]" = YES;
				"INFOPLIST_KEY_UIApplicationSupportsIndirectInputEvents[sdk=iphonesimulator*]" = YES;
				"INFOPLIST_KEY_UILaunchScreen_Generation[sdk=iphoneos*]" = YES;
				"INFOPLIST_KEY_UILaunchScreen_Generation[sdk=iphonesimulator*]" = YES;
				"INFOPLIST_KEY_UIStatusBarStyle[sdk=iphoneos*]" = UIStatusBarStyleDefault;
				"INFOPLIST_KEY_UIStatusBarStyle[sdk=iphonesimulator*]" = UIStatusBarStyleDefault;
				INFOPLIST_KEY_UISupportedInterfaceOrientations_iPad = "UIInterfaceOrientationPortrait UIInterfaceOrientationPortraitUpsideDown UIInterfaceOrientationLandscapeLeft UIInterfaceOrientationLandscapeRight";
				INFOPLIST_KEY_UISupportedInterfaceOrientations_iPhone = "UIInterfaceOrientationPortrait UIInterfaceOrientationLandscapeLeft UIInterfaceOrientationLandscapeRight";
				IPHONEOS_DEPLOYMENT_TARGET = 17.2;
				LD_RUNPATH_SEARCH_PATHS = "@executable_path/Frameworks";
				"LD_RUNPATH_SEARCH_PATHS[sdk=macosx*]" = "@executable_path/../Frameworks";
				MACOSX_DEPLOYMENT_TARGET = 14.2;
				MARKETING_VERSION = 1.0;
				PRODUCT_BUNDLE_IDENTIFIER = nobu.maeda.OceanSea;
				PRODUCT_NAME = "$(TARGET_NAME)";
				SDKROOT = auto;
				SUPPORTED_PLATFORMS = "iphoneos iphonesimulator macosx";
				SWIFT_EMIT_LOC_STRINGS = YES;
				SWIFT_VERSION = 5.0;
				TARGETED_DEVICE_FAMILY = "1,2";
			};
			name = Release;
		};
/* End XCBuildConfiguration section */

/* Begin XCConfigurationList section */
		08DC5B2E2B2C446900B71A22 /* Build configuration list for PBXProject "OceanSea" */ = {
			isa = XCConfigurationList;
			buildConfigurations = (
				08DC5B402B2C446A00B71A22 /* Debug */,
				08DC5B412B2C446A00B71A22 /* Release */,
			);
			defaultConfigurationIsVisible = 0;
			defaultConfigurationName = Release;
		};
		08DC5B422B2C446A00B71A22 /* Build configuration list for PBXNativeTarget "OceanSea" */ = {
			isa = XCConfigurationList;
			buildConfigurations = (
				08DC5B432B2C446A00B71A22 /* Debug */,
				08DC5B442B2C446A00B71A22 /* Release */,
			);
			defaultConfigurationIsVisible = 0;
			defaultConfigurationName = Release;
		};
/* End XCConfigurationList section */
	};
	rootObject = 08DC5B2B2B2C446900B71A22 /* Project object */;
}
